
Microsoft Visual Studio Solution File, Format Version 12.00
# Visual Studio Version 17
VisualStudioVersion = 17.4.33103.184
MinimumVisualStudioVersion = 10.0.40219.1
Project("{FAE04EC0-301F-11D3-BF4B-00C04F79EFBC}") = "sliptest", "sliptest\sliptest.csproj", "{732978D1-F745-4E80-9328-CC3A7ED46F8F}"
EndProject
Project("{FAE04EC0-301F-11D3-BF4B-00C04F79EFBC}") = "Models", "Models\Models.csproj", "{F63D15B4-00FF-4D38-96BA-65CF8234EE75}"
EndProject
Project("{FAE04EC0-301F-11D3-BF4B-00C04F79EFBC}") = "Repository", "Repository\Repository.csproj", "{C7DCDD07-194A-40C7-8CA9-A211DFC91D4F}"
EndProject
Project("{FAE04EC0-301F-11D3-BF4B-00C04F79EFBC}") = "Efcore", "Efcore\Efcore.csproj", "{B5BF9142-FC9A-4933-9DCE-00CBD10AE693}"
EndProject
Global
	GlobalSection(SolutionConfigurationPlatforms) = preSolution
		Debug|Any CPU = Debug|Any CPU
		Release|Any CPU = Release|Any CPU
	EndGlobalSection
	GlobalSection(ProjectConfigurationPlatforms) = postSolution
		{732978D1-F745-4E80-9328-CC3A7ED46F8F}.Debug|Any CPU.ActiveCfg = Debug|Any CPU
		{732978D1-F745-4E80-9328-CC3A7ED46F8F}.Debug|Any CPU.Build.0 = Debug|Any CPU
		{732978D1-F745-4E80-9328-CC3A7ED46F8F}.Release|Any CPU.ActiveCfg = Release|Any CPU
		{732978D1-F745-4E80-9328-CC3A7ED46F8F}.Release|Any CPU.Build.0 = Release|Any CPU
		{F63D15B4-00FF-4D38-96BA-65CF8234EE75}.Debug|Any CPU.ActiveCfg = Debug|Any CPU
		{F63D15B4-00FF-4D38-96BA-65CF8234EE75}.Debug|Any CPU.Build.0 = Debug|Any CPU
		{F63D15B4-00FF-4D38-96BA-65CF8234EE75}.Release|Any CPU.ActiveCfg = Release|Any CPU
		{F63D15B4-00FF-4D38-96BA-65CF8234EE75}.Release|Any CPU.Build.0 = Release|Any CPU
		{C7DCDD07-194A-40C7-8CA9-A211DFC91D4F}.Debug|Any CPU.ActiveCfg = Debug|Any CPU
		{C7DCDD07-194A-40C7-8CA9-A211DFC91D4F}.Debug|Any CPU.Build.0 = Debug|Any CPU
		{C7DCDD07-194A-40C7-8CA9-A211DFC91D4F}.Release|Any CPU.ActiveCfg = Release|Any CPU
		{C7DCDD07-194A-40C7-8CA9-A211DFC91D4F}.Release|Any CPU.Build.0 = Release|Any CPU
		{B5BF9142-FC9A-4933-9DCE-00CBD10AE693}.Debug|Any CPU.ActiveCfg = Debug|Any CPU
		{B5BF9142-FC9A-4933-9DCE-00CBD10AE693}.Debug|Any CPU.Build.0 = Debug|Any CPU
		{B5BF9142-FC9A-4933-9DCE-00CBD10AE693}.Release|Any CPU.ActiveCfg = Release|Any CPU
		{B5BF9142-FC9A-4933-9DCE-00CBD10AE693}.Release|Any CPU.Build.0 = Release|Any CPU
	EndGlobalSection
	GlobalSection(SolutionProperties) = preSolution
		HideSolutionNode = FALSE
	EndGlobalSection
	GlobalSection(ExtensibilityGlobals) = postSolution
		SolutionGuid = {10166AD0-41F0-4BDB-B060-F997FBC4CA33}
	EndGlobalSection
EndGlobal
